
Microsoft Visual Studio Solution File, Format Version 12.00
# Visual Studio 2013
VisualStudioVersion = 12.0.31101.0
MinimumVisualStudioVersion = 10.0.40219.1
Project("{FAE04EC0-301F-11D3-BF4B-00C04F79EFBC}") = "Vol3Ex3_AnimatedButton", "Vol3Ex3_AnimatedButton\Vol3Ex3_AnimatedButton.csproj", "{455267BC-8F53-4BA0-8BA3-4DDC79C3E84A}"
EndProject
Global
	GlobalSection(SolutionConfigurationPlatforms) = preSolution
		Debug|Any CPU = Debug|Any CPU
		Release|Any CPU = Release|Any CPU
	EndGlobalSection
	GlobalSection(ProjectConfigurationPlatforms) = postSolution
		{455267BC-8F53-4BA0-8BA3-4DDC79C3E84A}.Debug|Any CPU.ActiveCfg = Debug|Any CPU
		{455267BC-8F53-4BA0-8BA3-4DDC79C3E84A}.Debug|Any CPU.Build.0 = Debug|Any CPU
		{455267BC-8F53-4BA0-8BA3-4DDC79C3E84A}.Release|Any CPU.ActiveCfg = Release|Any CPU
		{455267BC-8F53-4BA0-8BA3-4DDC79C3E84A}.Release|Any CPU.Build.0 = Release|Any CPU
	EndGlobalSection
	GlobalSection(SolutionProperties) = preSolution
		HideSolutionNode = FALSE
	EndGlobalSection
EndGlobal
