
Microsoft Visual Studio Solution File, Format Version 12.00
# Visual Studio 2013
VisualStudioVersion = 12.0.31101.0
MinimumVisualStudioVersion = 10.0.40219.1
Project("{FAE04EC0-301F-11D3-BF4B-00C04F79EFBC}") = "Vol1Ex3_MovingSymbol", "Vol1Ex3_MovingSymbol\Vol1Ex3_MovingSymbol.csproj", "{55DC99E6-B960-48C2-93C3-AA408E4FAF0B}"
EndProject
Global
	GlobalSection(SolutionConfigurationPlatforms) = preSolution
		Debug|Any CPU = Debug|Any CPU
		Release|Any CPU = Release|Any CPU
	EndGlobalSection
	GlobalSection(ProjectConfigurationPlatforms) = postSolution
		{55DC99E6-B960-48C2-93C3-AA408E4FAF0B}.Debug|Any CPU.ActiveCfg = Debug|Any CPU
		{55DC99E6-B960-48C2-93C3-AA408E4FAF0B}.Debug|Any CPU.Build.0 = Debug|Any CPU
		{55DC99E6-B960-48C2-93C3-AA408E4FAF0B}.Release|Any CPU.ActiveCfg = Release|Any CPU
		{55DC99E6-B960-48C2-93C3-AA408E4FAF0B}.Release|Any CPU.Build.0 = Release|Any CPU
	EndGlobalSection
	GlobalSection(SolutionProperties) = preSolution
		HideSolutionNode = FALSE
	EndGlobalSection
EndGlobal
