
Microsoft Visual Studio Solution File, Format Version 12.00
# Visual Studio 2013
VisualStudioVersion = 12.0.31101.0
MinimumVisualStudioVersion = 10.0.40219.1
Project("{FAE04EC0-301F-11D3-BF4B-00C04F79EFBC}") = "Vol2Ex4_ColoringEditor", "Vol2Ex4_ColoringEditor\Vol2Ex4_ColoringEditor.csproj", "{2B7F9074-5739-43BE-992F-5315C062B049}"
EndProject
Global
	GlobalSection(SolutionConfigurationPlatforms) = preSolution
		Debug|Any CPU = Debug|Any CPU
		Release|Any CPU = Release|Any CPU
	EndGlobalSection
	GlobalSection(ProjectConfigurationPlatforms) = postSolution
		{2B7F9074-5739-43BE-992F-5315C062B049}.Debug|Any CPU.ActiveCfg = Debug|Any CPU
		{2B7F9074-5739-43BE-992F-5315C062B049}.Debug|Any CPU.Build.0 = Debug|Any CPU
		{2B7F9074-5739-43BE-992F-5315C062B049}.Release|Any CPU.ActiveCfg = Release|Any CPU
		{2B7F9074-5739-43BE-992F-5315C062B049}.Release|Any CPU.Build.0 = Release|Any CPU
	EndGlobalSection
	GlobalSection(SolutionProperties) = preSolution
		HideSolutionNode = FALSE
	EndGlobalSection
EndGlobal
